dependencies:
  axios: 0.20.0
  cli-progress: 3.8.2
lockfileVersion: 5.1
packages:
  /ansi-regex/5.0.0:
    dev: false
    engines:
      node: '>=8'
    resolution:
      integrity: sha512-bY6fj56OUQ0hU1KjFNDQuJFezqKdrAyFdIevADiqrWHwSlbmBNMHp5ak2f40Pm8JTFyM2mqxkG6ngkHO11f/lg==
  /axios/0.20.0:
    dependencies:
      follow-redirects: 1.13.0
    dev: false
    resolution:
      integrity: sha512-ANA4rr2BDcmmAQLOKft2fufrtuvlqR+cXNNinUmvfeSNCOF98PZL+7M/v1zIdGo7OLjEA9J2gXJL+j4zGsl0bA==
  /cli-progress/3.8.2:
    dependencies:
      colors: 1.4.0
      string-width: 4.2.0
    dev: false
    engines:
      node: '>=4'
    resolution:
      integrity: sha512-qRwBxLldMSfxB+YGFgNRaj5vyyHe1yMpVeDL79c+7puGujdKJHQHydgqXDcrkvQgJ5U/d3lpf6vffSoVVUftVQ==
  /colors/1.4.0:
    dev: false
    engines:
      node: '>=0.1.90'
    resolution:
      integrity: sha512-a+UqTh4kgZg/SlGvfbzDHpgRu7AAQOmmqRHJnxhRZICKFUT91brVhNNt58CMWU9PsBbv3PDCZUHbVxuDiH2mtA==
  /emoji-regex/8.0.0:
    dev: false
    resolution:
      integrity: sha512-MSjYzcWNOA0ewAHpz0MxpYFvwg6yjy1NG3xteoqz644VCo/RPgnr1/GGt+ic3iJTzQ8Eu3TdM14SawnVUmGE6A==
  /follow-redirects/1.13.0:
    dev: false
    engines:
      node: '>=4.0'
    resolution:
      integrity: sha512-aq6gF1BEKje4a9i9+5jimNFIpq4Q1WiwBToeRK5NvZBd/TRsmW8BsJfOEGkr76TbOyPVD3OVDN910EcUNtRYEA==
  /is-fullwidth-code-point/3.0.0:
    dev: false
    engines:
      node: '>=8'
    resolution:
      integrity: sha512-zymm5+u+sCsSWyD9qNaejV3DFvhCKclKdizYaJUuHA83RLjb7nSuGnddCHGv0hk+KY7BMAlsWeK4Ueg6EV6XQg==
  /string-width/4.2.0:
    dependencies:
      emoji-regex: 8.0.0
      is-fullwidth-code-point: 3.0.0
      strip-ansi: 6.0.0
    dev: false
    engines:
      node: '>=8'
    resolution:
      integrity: sha512-zUz5JD+tgqtuDjMhwIg5uFVV3dtqZ9yQJlZVfq4I01/K5Paj5UHj7VyrQOJvzawSVlKpObApbfD0Ed6yJc+1eg==
  /strip-ansi/6.0.0:
    dependencies:
      ansi-regex: 5.0.0
    dev: false
    engines:
      node: '>=8'
    resolution:
      integrity: sha512-AuvKTrTfQNYNIctbR1K/YGTR1756GycPsg7b9bdV9Duqur4gv6aKqHXah67Z8ImS7WEz5QVcOtlfW2rZEugt6w==
specifiers:
  axios: ^0.20.0
  cli-progress: ^3.8.2
